
Microsoft Visual Studio Solution File, Format Version 12.00
# Visual Studio Version 17
VisualStudioVersion = 17.9.34714.143
MinimumVisualStudioVersion = 10.0.40219.1
Project("{9A19103F-16F7-4668-BE54-9A1E7A4F7556}") = "EduKıds", "BebekBakıcısı\EduKıds.csproj", "{3A1A6FED-FEA8-4F5C-A0B8-A3262613D6DE}"
EndProject
Project("{FAE04EC0-301F-11D3-BF4B-00C04F79EFBC}") = "Data.Layer", "Data.Layer\Data.Layer.csproj", "{6D432585-5141-4B24-A3F2-69882B3FE394}"
EndProject
Global
	GlobalSection(SolutionConfigurationPlatforms) = preSolution
		Debug|Any CPU = Debug|Any CPU
		Release|Any CPU = Release|Any CPU
	EndGlobalSection
	GlobalSection(ProjectConfigurationPlatforms) = postSolution
		{3A1A6FED-FEA8-4F5C-A0B8-A3262613D6DE}.Debug|Any CPU.ActiveCfg = Debug|Any CPU
		{3A1A6FED-FEA8-4F5C-A0B8-A3262613D6DE}.Debug|Any CPU.Build.0 = Debug|Any CPU
		{3A1A6FED-FEA8-4F5C-A0B8-A3262613D6DE}.Release|Any CPU.ActiveCfg = Release|Any CPU
		{3A1A6FED-FEA8-4F5C-A0B8-A3262613D6DE}.Release|Any CPU.Build.0 = Release|Any CPU
		{6D432585-5141-4B24-A3F2-69882B3FE394}.Debug|Any CPU.ActiveCfg = Debug|Any CPU
		{6D432585-5141-4B24-A3F2-69882B3FE394}.Debug|Any CPU.Build.0 = Debug|Any CPU
		{6D432585-5141-4B24-A3F2-69882B3FE394}.Release|Any CPU.ActiveCfg = Release|Any CPU
		{6D432585-5141-4B24-A3F2-69882B3FE394}.Release|Any CPU.Build.0 = Release|Any CPU
	EndGlobalSection
	GlobalSection(SolutionProperties) = preSolution
		HideSolutionNode = FALSE
	EndGlobalSection
	GlobalSection(ExtensibilityGlobals) = postSolution
		SolutionGuid = {D598A0A9-70AC-4E0A-A493-D74DB3FB7727}
	EndGlobalSection
EndGlobal
